// !$*UTF8*$!
{
	archiveVersion = 1;
	classes = {
	};
	objectVersion = 48;
	objects = {

/* Begin PBXBuildFile section */
		D04151331FEE497B00C7CDCF /* Extensions.swift in Sources */ = {isa = PBXBuildFile; fileRef = D04151321FEE497B00C7CDCF /* Extensions.swift */; };
		D0445B041FF6AF0600E15EDD /* MainNavigationController.swift in Sources */ = {isa = PBXBuildFile; fileRef = D0445B031FF6AF0600E15EDD /* MainNavigationController.swift */; };
		D04F6EEC1FF81DEC007DFAE2 /* HomeController.swift in Sources */ = {isa = PBXBuildFile; fileRef = D04F6EEB1FF81DEC007DFAE2 /* HomeController.swift */; };
		D050651A1FF151A500356DFD /* LoginCell.swift in Sources */ = {isa = PBXBuildFile; fileRef = D05065191FF151A500356DFD /* LoginCell.swift */; };
		D081FA7A1FE7E56D00EF17CB /* PageCell.swift in Sources */ = {isa = PBXBuildFile; fileRef = D081FA791FE7E56D00EF17CB /* PageCell.swift */; };
		D09121BD1FF8BF3F003E9F9A /* UserDefaults+helpers.swift in Sources */ = {isa = PBXBuildFile; fileRef = D09121BC1FF8BF3F003E9F9A /* UserDefaults+helpers.swift */; };
		D0A1E1C71FE8F80400677E6D /* Page.swift in Sources */ = {isa = PBXBuildFile; fileRef = D0A1E1C61FE8F80400677E6D /* Page.swift */; };
		D0D752F61FE466C100433C1F /* AppDelegate.swift in Sources */ = {isa = PBXBuildFile; fileRef = D0D752F51FE466C100433C1F /* AppDelegate.swift */; };
		D0D752F81FE466C100433C1F /* LoginController.swift in Sources */ = {isa = PBXBuildFile; fileRef = D0D752F71FE466C100433C1F /* LoginController.swift */; };
		D0D752FB1FE466C100433C1F /* Main.storyboard in Resources */ = {isa = PBXBuildFile; fileRef = D0D752F91FE466C100433C1F /* Main.storyboard */; };
		D0D752FD1FE466C100433C1F /* Assets.xcassets in Resources */ = {isa = PBXBuildFile; fileRef = D0D752FC1FE466C100433C1F /* Assets.xcassets */; };
		D0D753001FE466C100433C1F /* LaunchScreen.storyboard in Resources */ = {isa = PBXBuildFile; fileRef = D0D752FE1FE466C100433C1F /* LaunchScreen.storyboard */; };
/* End PBXBuildFile section */

/* Begin PBXFileReference section */
		D04151321FEE497B00C7CDCF /* Extensions.swift */ = {isa = PBXFileReference; lastKnownFileType = sourcecode.swift; path = Extensions.swift; sourceTree = "<group>"; };
		D0445B031FF6AF0600E15EDD /* MainNavigationController.swift */ = {isa = PBXFileReference; lastKnownFileType = sourcecode.swift; path = MainNavigationController.swift; sourceTree = "<group>"; };
		D04F6EEB1FF81DEC007DFAE2 /* HomeController.swift */ = {isa = PBXFileReference; lastKnownFileType = sourcecode.swift; path = HomeController.swift; sourceTree = "<group>"; };
		D05065191FF151A500356DFD /* LoginCell.swift */ = {isa = PBXFileReference; lastKnownFileType = sourcecode.swift; path = LoginCell.swift; sourceTree = "<group>"; };
		D081FA791FE7E56D00EF17CB /* PageCell.swift */ = {isa = PBXFileReference; lastKnownFileType = sourcecode.swift; path = PageCell.swift; sourceTree = "<group>"; };
		D09121BC1FF8BF3F003E9F9A /* UserDefaults+helpers.swift */ = {isa = PBXFileReference; lastKnownFileType = sourcecode.swift; path = "UserDefaults+helpers.swift"; sourceTree = "<group>"; };
		D0A1E1C61FE8F80400677E6D /* Page.swift */ = {isa = PBXFileReference; lastKnownFileType = sourcecode.swift; path = Page.swift; sourceTree = "<group>"; };
		D0D752F21FE466C000433C1F /* Audible.app */ = {isa = PBXFileReference; explicitFileType = wrapper.application; includeInIndex = 0; path = Audible.app; sourceTree = BUILT_PRODUCTS_DIR; };
		D0D752F51FE466C100433C1F /* AppDelegate.swift */ = {isa = PBXFileReference; lastKnownFileType = sourcecode.swift; path = AppDelegate.swift; sourceTree = "<group>"; };
		D0D752F71FE466C100433C1F /* LoginController.swift */ = {isa = PBXFileReference; lastKnownFileType = sourcecode.swift; path = LoginController.swift; sourceTree = "<group>"; };
		D0D752FA1FE466C100433C1F /* Base */ = {isa = PBXFileReference; lastKnownFileType = file.storyboard; name = Base; path = Base.lproj/Main.storyboard; sourceTree = "<group>"; };
		D0D752FC1FE466C100433C1F /* Assets.xcassets */ = {isa = PBXFileReference; lastKnownFileType = folder.assetcatalog; path = Assets.xcassets; sourceTree = "<group>"; };
		D0D752FF1FE466C100433C1F /* Base */ = {isa = PBXFileReference; lastKnownFileType = file.storyboard; name = Base; path = Base.lproj/LaunchScreen.storyboard; sourceTree = "<group>"; };
		D0D753011FE466C100433C1F /* Info.plist */ = {isa = PBXFileReference; lastKnownFileType = text.plist.xml; path = Info.plist; sourceTree = "<group>"; };
/* End PBXFileReference section */

/* Begin PBXFrameworksBuildPhase section */
		D0D752EF1FE466C000433C1F /* Frameworks */ = {
			isa = PBXFrameworksBuildPhase;
			buildActionMask = 2147483647;
			files = (
			);
			runOnlyForDeploymentPostprocessing = 0;
		};
/* End PBXFrameworksBuildPhase section */

/* Begin PBXGroup section */
		D0D752E91FE466C000433C1F = {
			isa = PBXGroup;
			children = (
				D0D752F41FE466C000433C1F /* Audible */,
				D0D752F31FE466C000433C1F /* Products */,
			);
			sourceTree = "<group>";
		};
		D0D752F31FE466C000433C1F /* Products */ = {
			isa = PBXGroup;
			children = (
				D0D752F21FE466C000433C1F /* Audible.app */,
			);
			name = Products;
			sourceTree = "<group>";
		};
		D0D752F41FE466C000433C1F /* Audible */ = {
			isa = PBXGroup;
			children = (
				D0D752F51FE466C100433C1F /* AppDelegate.swift */,
				D0D752F91FE466C100433C1F /* Main.storyboard */,
				D081FA791FE7E56D00EF17CB /* PageCell.swift */,
				D05065191FF151A500356DFD /* LoginCell.swift */,
				D0D752F71FE466C100433C1F /* LoginController.swift */,
				D0A1E1C61FE8F80400677E6D /* Page.swift */,
				D04151321FEE497B00C7CDCF /* Extensions.swift */,
				D0D752FC1FE466C100433C1F /* Assets.xcassets */,
				D0D752FE1FE466C100433C1F /* LaunchScreen.storyboard */,
				D0D753011FE466C100433C1F /* Info.plist */,
				D04F6EEB1FF81DEC007DFAE2 /* HomeController.swift */,
				D0445B031FF6AF0600E15EDD /* MainNavigationController.swift */,
				D09121BC1FF8BF3F003E9F9A /* UserDefaults+helpers.swift */,
			);
			path = Audible;
			sourceTree = "<group>";
		};
/* End PBXGroup section */

/* Begin PBXNativeTarget section */
		D0D752F11FE466C000433C1F /* Audible */ = {
			isa = PBXNativeTarget;
			buildConfigurationList = D0D753041FE466C100433C1F /* Build configuration list for PBXNativeTarget "Audible" */;
			buildPhases = (
				D0D752EE1FE466C000433C1F /* Sources */,
				D0D752EF1FE466C000433C1F /* Frameworks */,
				D0D752F01FE466C000433C1F /* Resources */,
			);
			buildRules = (
			);
			dependencies = (
			);
			name = Audible;
			productName = Audible;
			productReference = D0D752F21FE466C000433C1F /* Audible.app */;
			productType = "com.apple.product-type.application";
		};
/* End PBXNativeTarget section */

/* Begin PBXProject section */
		D0D752EA1FE466C000433C1F /* Project object */ = {
			isa = PBXProject;
			attributes = {
				LastSwiftUpdateCheck = 0900;
				LastUpgradeCheck = 0900;
				ORGANIZATIONNAME = Nick;
				TargetAttributes = {
					D0D752F11FE466C000433C1F = {
						CreatedOnToolsVersion = 9.0.1;
						ProvisioningStyle = Automatic;
					};
				};
			};
			buildConfigurationList = D0D752ED1FE466C000433C1F /* Build configuration list for PBXProject "Audible" */;
			compatibilityVersion = "Xcode 8.0";
			developmentRegion = en;
			hasScannedForEncodings = 0;
			knownRegions = (
				en,
				Base,
			);
			mainGroup = D0D752E91FE466C000433C1F;
			productRefGroup = D0D752F31FE466C000433C1F /* Products */;
			projectDirPath = "";
			projectRoot = "";
			targets = (
				D0D752F11FE466C000433C1F /* Audible */,
			);
		};
/* End PBXProject section */

/* Begin PBXResourcesBuildPhase section */
		D0D752F01FE466C000433C1F /* Resources */ = {
			isa = PBXResourcesBuildPhase;
			buildActionMask = 2147483647;
			files = (
				D0D753001FE466C100433C1F /* LaunchScreen.storyboard in Resources */,
				D0D752FD1FE466C100433C1F /* Assets.xcassets in Resources */,
				D0D752FB1FE466C100433C1F /* Main.storyboard in Resources */,
			);
			runOnlyForDeploymentPostprocessing = 0;
		};
/* End PBXResourcesBuildPhase section */

/* Begin PBXSourcesBuildPhase section */
		D0D752EE1FE466C000433C1F /* Sources */ = {
			isa = PBXSourcesBuildPhase;
			buildActionMask = 2147483647;
			files = (
				D04151331FEE497B00C7CDCF /* Extensions.swift in Sources */,
				D0D752F81FE466C100433C1F /* LoginController.swift in Sources */,
				D0D752F61FE466C100433C1F /* AppDelegate.swift in Sources */,
				D0A1E1C71FE8F80400677E6D /* Page.swift in Sources */,
				D04F6EEC1FF81DEC007DFAE2 /* HomeController.swift in Sources */,
				D0445B041FF6AF0600E15EDD /* MainNavigationController.swift in Sources */,
				D081FA7A1FE7E56D00EF17CB /* PageCell.swift in Sources */,
				D050651A1FF151A500356DFD /* LoginCell.swift in Sources */,
				D09121BD1FF8BF3F003E9F9A /* UserDefaults+helpers.swift in Sources */,
			);
			runOnlyForDeploymentPostprocessing = 0;
		};
/* End PBXSourcesBuildPhase section */

/* Begin PBXVariantGroup section */
		D0D752F91FE466C100433C1F /* Main.storyboard */ = {
			isa = PBXVariantGroup;
			children = (
				D0D752FA1FE466C100433C1F /* Base */,
			);
			name = Main.storyboard;
			sourceTree = "<group>";
		};
		D0D752FE1FE466C100433C1F /* LaunchScreen.storyboard */ = {
			isa = PBXVariantGroup;
			children = (
				D0D752FF1FE466C100433C1F /* Base */,
			);
			name = LaunchScreen.storyboard;
			sourceTree = "<group>";
		};
/* End PBXVariantGroup section */

/* Begin XCBuildConfiguration section */
		D0D753021FE466C100433C1F /* Debug */ = {
			isa = XCBuildConfiguration;
			buildSettings = {
				ALWAYS_SEARCH_USER_PATHS = NO;
				CLANG_ANALYZER_NONNULL = YES;
				CLANG_ANALYZER_NUMBER_OBJECT_CONVERSION = YES_AGGRESSIVE;
				CLANG_CXX_LANGUAGE_STANDARD = "gnu++14";
				CLANG_CXX_LIBRARY = "libc++";
				CLANG_ENABLE_MODULES = YES;
				CLANG_ENABLE_OBJC_ARC = YES;
				CLANG_WARN_BLOCK_CAPTURE_AUTORELEASING = YES;
				CLANG_WARN_BOOL_CONVERSION = YES;
				CLANG_WARN_COMMA = YES;
				CLANG_WARN_CONSTANT_CONVERSION = YES;
				CLANG_WARN_DIRECT_OBJC_ISA_USAGE = YES_ERROR;
				CLANG_WARN_DOCUMENTATION_COMMENTS = YES;
				CLANG_WARN_EMPTY_BODY = YES;
				CLANG_WARN_ENUM_CONVERSION = YES;
				CLANG_WARN_INFINITE_RECURSION = YES;
				CLANG_WARN_INT_CONVERSION = YES;
				CLANG_WARN_NON_LITERAL_NULL_CONVERSION = YES;
				CLANG_WARN_OBJC_LITERAL_CONVERSION = YES;
				CLANG_WARN_OBJC_ROOT_CLASS = YES_ERROR;
				CLANG_WARN_RANGE_LOOP_ANALYSIS = YES;
				CLANG_WARN_STRICT_PROTOTYPES = YES;
				CLANG_WARN_SUSPICIOUS_MOVE = YES;
				CLANG_WARN_UNGUARDED_AVAILABILITY = YES_AGGRESSIVE;
				CLANG_WARN_UNREACHABLE_CODE = YES;
				CLANG_WARN__DUPLICATE_METHOD_MATCH = YES;
				CODE_SIGN_IDENTITY = "iPhone Developer";
				COPY_PHASE_STRIP = NO;
				DEBUG_INFORMATION_FORMAT = dwarf;
				ENABLE_STRICT_OBJC_MSGSEND = YES;
				ENABLE_TESTABILITY = YES;
				GCC_C_LANGUAGE_STANDARD = gnu11;
				GCC_DYNAMIC_NO_PIC = NO;
				GCC_NO_COMMON_BLOCKS = YES;
				GCC_OPTIMIZATION_LEVEL = 0;
				GCC_PREPROCESSOR_DEFINITIONS = (
					"DEBUG=1",
					"$(inherited)",
				);
				GCC_WARN_64_TO_32_BIT_CONVERSION = YES;
				GCC_WARN_ABOUT_RETURN_TYPE = YES_ERROR;
				GCC_WARN_UNDECLARED_SELECTOR = YES;
				GCC_WARN_UNINITIALIZED_AUTOS = YES_AGGRESSIVE;
				GCC_WARN_UNUSED_FUNCTION = YES;
				GCC_WARN_UNUSED_VARIABLE = YES;
				IPHONEOS_DEPLOYMENT_TARGET = 11.0;
				MTL_ENABLE_DEBUG_INFO = YES;
				ONLY_ACTIVE_ARCH = YES;
				SDKROOT = iphoneos;
				SWIFT_ACTIVE_COMPILATION_CONDITIONS = DEBUG;
				SWIFT_OPTIMIZATION_LEVEL = "-Onone";
			};
			name = Debug;
		};
		D0D753031FE466C100433C1F /* Release */ = {
			isa = XCBuildConfiguration;
			buildSettings = {
				ALWAYS_SEARCH_USER_PATHS = NO;
				CLANG_ANALYZER_NONNULL = YES;
				CLANG_ANALYZER_NUMBER_OBJECT_CONVERSION = YES_AGGRESSIVE;
				CLANG_CXX_LANGUAGE_STANDARD = "gnu++14";
				CLANG_CXX_LIBRARY = "libc++";
				CLANG_ENABLE_MODULES = YES;
				CLANG_ENABLE_OBJC_ARC = YES;
				CLANG_WARN_BLOCK_CAPTURE_AUTORELEASING = YES;
				CLANG_WARN_BOOL_CONVERSION = YES;
				CLANG_WARN_COMMA = YES;
				CLANG_WARN_CONSTANT_CONVERSION = YES;
				CLANG_WARN_DIRECT_OBJC_ISA_USAGE = YES_ERROR;
				CLANG_WARN_DOCUMENTATION_COMMENTS = YES;
				CLANG_WARN_EMPTY_BODY = YES;
				CLANG_WARN_ENUM_CONVERSION = YES;
				CLANG_WARN_INFINITE_RECURSION = YES;
				CLANG_WARN_INT_CONVERSION = YES;
				CLANG_WARN_NON_LITERAL_NULL_CONVERSION = YES;
				CLANG_WARN_OBJC_LITERAL_CONVERSION = YES;
				CLANG_WARN_OBJC_ROOT_CLASS = YES_ERROR;
				CLANG_WARN_RANGE_LOOP_ANALYSIS = YES;
				CLANG_WARN_STRICT_PROTOTYPES = YES;
				CLANG_WARN_SUSPICIOUS_MOVE = YES;
				CLANG_WARN_UNGUARDED_AVAILABILITY = YES_AGGRESSIVE;
				CLANG_WARN_UNREACHABLE_CODE = YES;
				CLANG_WARN__DUPLICATE_METHOD_MATCH = YES;
				CODE_SIGN_IDENTITY = "iPhone Developer";
				COPY_PHASE_STRIP = NO;
				DEBUG_INFORMATION_FORMAT = "dwarf-with-dsym";
				ENABLE_NS_ASSERTIONS = NO;
				ENABLE_STRICT_OBJC_MSGSEND = YES;
				GCC_C_LANGUAGE_STANDARD = gnu11;
				GCC_NO_COMMON_BLOCKS = YES;
				GCC_WARN_64_TO_32_BIT_CONVERSION = YES;
				GCC_WARN_ABOUT_RETURN_TYPE = YES_ERROR;
				GCC_WARN_UNDECLARED_SELECTOR = YES;
				GCC_WARN_UNINITIALIZED_AUTOS = YES_AGGRESSIVE;
				GCC_WARN_UNUSED_FUNCTION = YES;
				GCC_WARN_UNUSED_VARIABLE = YES;
				IPHONEOS_DEPLOYMENT_TARGET = 11.0;
				MTL_ENABLE_DEBUG_INFO = NO;
				SDKROOT = iphoneos;
				SWIFT_OPTIMIZATION_LEVEL = "-Owholemodule";
				VALIDATE_PRODUCT = YES;
			};
			name = Release;
		};
		D0D753051FE466C100433C1F /* Debug */ = {
			isa = XCBuildConfiguration;
			buildSettings = {
				ASSETCATALOG_COMPILER_APPICON_NAME = AppIcon;
				CODE_SIGN_STYLE = Automatic;
				DEVELOPMENT_TEAM = 8TM4653D92;
				INFOPLIST_FILE = Audible/Info.plist;
				LD_RUNPATH_SEARCH_PATHS = "$(inherited) @executable_path/Frameworks";
				PRODUCT_BUNDLE_IDENTIFIER = nick.company.Audible;
				PRODUCT_NAME = "$(TARGET_NAME)";
				SWIFT_VERSION = 4.0;
				TARGETED_DEVICE_FAMILY = "1,2";
			};
			name = Debug;
		};
		D0D753061FE466C100433C1F /* Release */ = {
			isa = XCBuildConfiguration;
			buildSettings = {
				ASSETCATALOG_COMPILER_APPICON_NAME = AppIcon;
				CODE_SIGN_STYLE = Automatic;
				DEVELOPMENT_TEAM = 8TM4653D92;
				INFOPLIST_FILE = Audible/Info.plist;
				LD_RUNPATH_SEARCH_PATHS = "$(inherited) @executable_path/Frameworks";
				PRODUCT_BUNDLE_IDENTIFIER = nick.company.Audible;
				PRODUCT_NAME = "$(TARGET_NAME)";
				SWIFT_VERSION = 4.0;
				TARGETED_DEVICE_FAMILY = "1,2";
			};
			name = Release;
		};
/* End XCBuildConfiguration section */

/* Begin XCConfigurationList section */
		D0D752ED1FE466C000433C1F /* Build configuration list for PBXProject "Audible" */ = {
			isa = XCConfigurationList;
			buildConfigurations = (
				D0D753021FE466C100433C1F /* Debug */,
				D0D753031FE466C100433C1F /* Release */,
			);
			defaultConfigurationIsVisible = 0;
			defaultConfigurationName = Release;
		};
		D0D753041FE466C100433C1F /* Build configuration list for PBXNativeTarget "Audible" */ = {
			isa = XCConfigurationList;
			buildConfigurations = (
				D0D753051FE466C100433C1F /* Debug */,
				D0D753061FE466C100433C1F /* Release */,
			);
			defaultConfigurationIsVisible = 0;
			defaultConfigurationName = Release;
		};
/* End XCConfigurationList section */
	};
	rootObject = D0D752EA1FE466C000433C1F /* Project object */;
}
